
Microsoft Visual Studio Solution File, Format Version 12.00
# Visual Studio Version 17
VisualStudioVersion = 17.9.34723.18
MinimumVisualStudioVersion = 10.0.40219.1
Project("{FAE04EC0-301F-11D3-BF4B-00C04F79EFBC}") = "WebDoAn2", "WebDoAn2.csproj", "{57BEB7B9-F445-47D3-A01A-B107244EF8BE}"
EndProject
Global
	GlobalSection(SolutionConfigurationPlatforms) = preSolution
		Debug|Any CPU = Debug|Any CPU
		Release|Any CPU = Release|Any CPU
	EndGlobalSection
	GlobalSection(ProjectConfigurationPlatforms) = postSolution
		{57BEB7B9-F445-47D3-A01A-B107244EF8BE}.Debug|Any CPU.ActiveCfg = Debug|Any CPU
		{57BEB7B9-F445-47D3-A01A-B107244EF8BE}.Debug|Any CPU.Build.0 = Debug|Any CPU
		{57BEB7B9-F445-47D3-A01A-B107244EF8BE}.Release|Any CPU.ActiveCfg = Release|Any CPU
		{57BEB7B9-F445-47D3-A01A-B107244EF8BE}.Release|Any CPU.Build.0 = Release|Any CPU
	EndGlobalSection
	GlobalSection(SolutionProperties) = preSolution
		HideSolutionNode = FALSE
	EndGlobalSection
	GlobalSection(ExtensibilityGlobals) = postSolution
		SolutionGuid = {416950FC-BE30-4A39-A73E-2121016823AD}
	EndGlobalSection
EndGlobal
